github.com/mrchar/go-example v0.0.0-20190924104736-4c3df5657143 h1:NSljq7I1VFWK+gA+7+oRETY7b5J8b5q6JkVm7UmAhAA=
github.com/mrchar/go-example/gomod/example1/sub v0.0.0-20190924104736-4c3df5657143 h1:9+Q+Bb697S9xZ9sgDyfqpzfFvbibWUKVdNQupgoP/q4=
github.com/mrchar/go-example/gomod/example1/sub v0.0.0-20190924104736-4c3df5657143/go.mod h1:64aOjJdGFYPMtok0e82Dbjrqi5C+8Mqck+1adgl3xeU=
