github.com/mrchar/go-example v0.0.0-20190924094906-b59b8e0d6b99 h1:jVCu42jr5SNDM9aHiarFVW3nbPLauLbgLMwZH5undE8=
github.com/mrchar/go-example v0.0.0-20190924094906-b59b8e0d6b99/go.mod h1:OzlWIhAe5O0Eq+y875pKfhgpZZjx63scJmaxirTmoAA=
github.com/mrchar/go-example/gomod/example4/sub v0.0.0-20190924104040-cda95a8c6540 h1:vLngQ/56KhdsWDzbbOb0IHeCEzZ6VUA6lkwfBwCgCak=
github.com/mrchar/go-example/gomod/example4/sub v0.0.0-20190924104040-cda95a8c6540/go.mod h1:SSclqgZfHw2SpJVbqM+VB4v7fayZJaYvoAeVsGYMvUE=
